
Microsoft Visual Studio Solution File, Format Version 12.00
# Visual Studio 15
VisualStudioVersion = 15.0.26730.16
MinimumVisualStudioVersion = 10.0.40219.1
Project("{FAE04EC0-301F-11D3-BF4B-00C04F79EFBC}") = "CaffeineTracker", "CaffeineTracker.csproj", "{516D0BD1-F93C-41C6-85D9-D8551B6BCEE3}"
EndProject
Global
	GlobalSection(SolutionConfigurationPlatforms) = preSolution
		Debug|Any CPU = Debug|Any CPU
		Release|Any CPU = Release|Any CPU
	EndGlobalSection
	GlobalSection(ProjectConfigurationPlatforms) = postSolution
		{516D0BD1-F93C-41C6-85D9-D8551B6BCEE3}.Debug|Any CPU.ActiveCfg = Debug|Any CPU
		{516D0BD1-F93C-41C6-85D9-D8551B6BCEE3}.Debug|Any CPU.Build.0 = Debug|Any CPU
		{516D0BD1-F93C-41C6-85D9-D8551B6BCEE3}.Debug|Any CPU.Deploy.0 = Debug|Any CPU
		{516D0BD1-F93C-41C6-85D9-D8551B6BCEE3}.Release|Any CPU.ActiveCfg = Release|Any CPU
		{516D0BD1-F93C-41C6-85D9-D8551B6BCEE3}.Release|Any CPU.Build.0 = Release|Any CPU
		{516D0BD1-F93C-41C6-85D9-D8551B6BCEE3}.Release|Any CPU.Deploy.0 = Release|Any CPU
	EndGlobalSection
	GlobalSection(SolutionProperties) = preSolution
		HideSolutionNode = FALSE
	EndGlobalSection
	GlobalSection(ExtensibilityGlobals) = postSolution
		SolutionGuid = {540504B6-73FB-433E-9C08-DA8E8A7234EE}
	EndGlobalSection
EndGlobal
